
Microsoft Visual Studio Solution File, Format Version 12.00
# Visual Studio Version 16
VisualStudioVersion = 16.0.31729.503
MinimumVisualStudioVersion = 10.0.40219.1
Project("{FAE04EC0-301F-11D3-BF4B-00C04F79EFBC}") = "OkLetsGo", "OkLetsGo.csproj", "{856653E7-2ACD-43B4-8825-6070C6389FEF}"
EndProject
Global
	GlobalSection(SolutionConfigurationPlatforms) = preSolution
		Debug|Any CPU = Debug|Any CPU
		Release|Any CPU = Release|Any CPU
	EndGlobalSection
	GlobalSection(ProjectConfigurationPlatforms) = postSolution
		{856653E7-2ACD-43B4-8825-6070C6389FEF}.Debug|Any CPU.ActiveCfg = Debug|Any CPU
		{856653E7-2ACD-43B4-8825-6070C6389FEF}.Debug|Any CPU.Build.0 = Debug|Any CPU
		{856653E7-2ACD-43B4-8825-6070C6389FEF}.Release|Any CPU.ActiveCfg = Release|Any CPU
		{856653E7-2ACD-43B4-8825-6070C6389FEF}.Release|Any CPU.Build.0 = Release|Any CPU
	EndGlobalSection
	GlobalSection(SolutionProperties) = preSolution
		HideSolutionNode = FALSE
	EndGlobalSection
	GlobalSection(ExtensibilityGlobals) = postSolution
		SolutionGuid = {8F3E19D7-729D-4CAF-ACBD-6CEB3D48AD7C}
	EndGlobalSection
EndGlobal
